
Microsoft Visual Studio Solution File, Format Version 12.00
# Visual Studio Version 16
VisualStudioVersion = 16.0.30114.105
MinimumVisualStudioVersion = 10.0.40219.1
Project("{FAE04EC0-301F-11D3-BF4B-00C04F79EFBC}") = "core", "Core\chinook.core.csproj", "{C7EA7D89-28F9-45AF-9FE2-4686D4D92BBC}"
EndProject
Project("{FAE04EC0-301F-11D3-BF4B-00C04F79EFBC}") = "console", "Console\chinook.console.csproj", "{02595F1B-E5EA-4B2D-8885-AFC5B2904DE9}"
EndProject
Project("{FAE04EC0-301F-11D3-BF4B-00C04F79EFBC}") = "api", "Api\chinook.api.csproj", "{163A20B0-C9F2-4856-9B68-545E89648E2E}"
EndProject
Global
	GlobalSection(SolutionConfigurationPlatforms) = preSolution
		Debug|Any CPU = Debug|Any CPU
		Debug|x64 = Debug|x64
		Debug|x86 = Debug|x86
		Release|Any CPU = Release|Any CPU
		Release|x64 = Release|x64
		Release|x86 = Release|x86
	EndGlobalSection
	GlobalSection(SolutionProperties) = preSolution
		HideSolutionNode = FALSE
	EndGlobalSection
	GlobalSection(ProjectConfigurationPlatforms) = postSolution
		{C7EA7D89-28F9-45AF-9FE2-4686D4D92BBC}.Debug|Any CPU.ActiveCfg = Debug|Any CPU
		{C7EA7D89-28F9-45AF-9FE2-4686D4D92BBC}.Debug|Any CPU.Build.0 = Debug|Any CPU
		{C7EA7D89-28F9-45AF-9FE2-4686D4D92BBC}.Debug|x64.ActiveCfg = Debug|Any CPU
		{C7EA7D89-28F9-45AF-9FE2-4686D4D92BBC}.Debug|x64.Build.0 = Debug|Any CPU
		{C7EA7D89-28F9-45AF-9FE2-4686D4D92BBC}.Debug|x86.ActiveCfg = Debug|Any CPU
		{C7EA7D89-28F9-45AF-9FE2-4686D4D92BBC}.Debug|x86.Build.0 = Debug|Any CPU
		{C7EA7D89-28F9-45AF-9FE2-4686D4D92BBC}.Release|Any CPU.ActiveCfg = Release|Any CPU
		{C7EA7D89-28F9-45AF-9FE2-4686D4D92BBC}.Release|Any CPU.Build.0 = Release|Any CPU
		{C7EA7D89-28F9-45AF-9FE2-4686D4D92BBC}.Release|x64.ActiveCfg = Release|Any CPU
		{C7EA7D89-28F9-45AF-9FE2-4686D4D92BBC}.Release|x64.Build.0 = Release|Any CPU
		{C7EA7D89-28F9-45AF-9FE2-4686D4D92BBC}.Release|x86.ActiveCfg = Release|Any CPU
		{C7EA7D89-28F9-45AF-9FE2-4686D4D92BBC}.Release|x86.Build.0 = Release|Any CPU
		{02595F1B-E5EA-4B2D-8885-AFC5B2904DE9}.Debug|Any CPU.ActiveCfg = Debug|Any CPU
		{02595F1B-E5EA-4B2D-8885-AFC5B2904DE9}.Debug|Any CPU.Build.0 = Debug|Any CPU
		{02595F1B-E5EA-4B2D-8885-AFC5B2904DE9}.Debug|x64.ActiveCfg = Debug|Any CPU
		{02595F1B-E5EA-4B2D-8885-AFC5B2904DE9}.Debug|x64.Build.0 = Debug|Any CPU
		{02595F1B-E5EA-4B2D-8885-AFC5B2904DE9}.Debug|x86.ActiveCfg = Debug|Any CPU
		{02595F1B-E5EA-4B2D-8885-AFC5B2904DE9}.Debug|x86.Build.0 = Debug|Any CPU
		{02595F1B-E5EA-4B2D-8885-AFC5B2904DE9}.Release|Any CPU.ActiveCfg = Release|Any CPU
		{02595F1B-E5EA-4B2D-8885-AFC5B2904DE9}.Release|Any CPU.Build.0 = Release|Any CPU
		{02595F1B-E5EA-4B2D-8885-AFC5B2904DE9}.Release|x64.ActiveCfg = Release|Any CPU
		{02595F1B-E5EA-4B2D-8885-AFC5B2904DE9}.Release|x64.Build.0 = Release|Any CPU
		{02595F1B-E5EA-4B2D-8885-AFC5B2904DE9}.Release|x86.ActiveCfg = Release|Any CPU
		{02595F1B-E5EA-4B2D-8885-AFC5B2904DE9}.Release|x86.Build.0 = Release|Any CPU
		{163A20B0-C9F2-4856-9B68-545E89648E2E}.Debug|Any CPU.ActiveCfg = Debug|Any CPU
		{163A20B0-C9F2-4856-9B68-545E89648E2E}.Debug|Any CPU.Build.0 = Debug|Any CPU
		{163A20B0-C9F2-4856-9B68-545E89648E2E}.Debug|x64.ActiveCfg = Debug|Any CPU
		{163A20B0-C9F2-4856-9B68-545E89648E2E}.Debug|x64.Build.0 = Debug|Any CPU
		{163A20B0-C9F2-4856-9B68-545E89648E2E}.Debug|x86.ActiveCfg = Debug|Any CPU
		{163A20B0-C9F2-4856-9B68-545E89648E2E}.Debug|x86.Build.0 = Debug|Any CPU
		{163A20B0-C9F2-4856-9B68-545E89648E2E}.Release|Any CPU.ActiveCfg = Release|Any CPU
		{163A20B0-C9F2-4856-9B68-545E89648E2E}.Release|Any CPU.Build.0 = Release|Any CPU
		{163A20B0-C9F2-4856-9B68-545E89648E2E}.Release|x64.ActiveCfg = Release|Any CPU
		{163A20B0-C9F2-4856-9B68-545E89648E2E}.Release|x64.Build.0 = Release|Any CPU
		{163A20B0-C9F2-4856-9B68-545E89648E2E}.Release|x86.ActiveCfg = Release|Any CPU
		{163A20B0-C9F2-4856-9B68-545E89648E2E}.Release|x86.Build.0 = Release|Any CPU
	EndGlobalSection
EndGlobal
